// !$*UTF8*$!
{
	archiveVersion = 1;
	classes = {
	};
	objectVersion = 60;
	objects = {

/* Begin PBXBuildFile section */
		72A18DEC2F66D20B00F78675 /* IncomeItem.swift in Sources */ = {isa = PBXBuildFile; fileRef = 72A18DEB2F66D20B00F78675 /* IncomeItem.swift */; };
		72A18DEE2F66D20B00F78675 /* RecurringExpenseItem.swift in Sources */ = {isa = PBXBuildFile; fileRef = 72A18DED2F66D20B00F78675 /* RecurringExpenseItem.swift */; };
		72A18DF02F677D6E00F78675 /* SettingsSheet.swift in Sources */ = {isa = PBXBuildFile; fileRef = 72A18DEF2F677D6E00F78675 /* SettingsSheet.swift */; };
		72A18DF22F6784DC00F78675 /* ExpenseHistorySheet.swift in Sources */ = {isa = PBXBuildFile; fileRef = 72A18DF12F6784DC00F78675 /* ExpenseHistorySheet.swift */; };
		72A18DF42F67F11300F78675 /* StatsView.swift in Sources */ = {isa = PBXBuildFile; fileRef = 72A18DF32F67F11300F78675 /* StatsView.swift */; };
		A10000000000000000000210 /* PocketBudgetApp.swift in Sources */ = {isa = PBXBuildFile; fileRef = A10000000000000000000110 /* PocketBudgetApp.swift */; };
		A10000000000000000000211 /* ContentView.swift in Sources */ = {isa = PBXBuildFile; fileRef = A10000000000000000000111 /* ContentView.swift */; };
		A10000000000000000000212 /* BudgetSettings.swift in Sources */ = {isa = PBXBuildFile; fileRef = A10000000000000000000112 /* BudgetSettings.swift */; };
		A10000000000000000000213 /* Expense.swift in Sources */ = {isa = PBXBuildFile; fileRef = A10000000000000000000113 /* Expense.swift */; };
		A10000000000000000000214 /* BudgetStore.swift in Sources */ = {isa = PBXBuildFile; fileRef = A10000000000000000000114 /* BudgetStore.swift */; };
		A10000000000000000000215 /* DashboardView.swift in Sources */ = {isa = PBXBuildFile; fileRef = A10000000000000000000115 /* DashboardView.swift */; };
		A10000000000000000000216 /* AddExpenseSheet.swift in Sources */ = {isa = PBXBuildFile; fileRef = A10000000000000000000116 /* AddExpenseSheet.swift */; };
		A10000000000000000000217 /* BudgetSettingsSheet.swift in Sources */ = {isa = PBXBuildFile; fileRef = A10000000000000000000117 /* BudgetSettingsSheet.swift */; };
		A10000000000000000000218 /* Assets.xcassets in Resources */ = {isa = PBXBuildFile; fileRef = A10000000000000000000118 /* Assets.xcassets */; };
		A10000000000000000000219 /* BudgetStoreTests.swift in Sources */ = {isa = PBXBuildFile; fileRef = A10000000000000000000119 /* BudgetStoreTests.swift */; };
		A1000000000000000000021A /* BudgetCalculationTests.swift in Sources */ = {isa = PBXBuildFile; fileRef = A1000000000000000000011A /* BudgetCalculationTests.swift */; };
		A1000000000000000000021B /* PocketBudgetUITests.swift in Sources */ = {isa = PBXBuildFile; fileRef = A1000000000000000000011B /* PocketBudgetUITests.swift */; };
/* End PBXBuildFile section */

/* Begin PBXContainerItemProxy section */
		A10000000000000000000700 /* PBXContainerItemProxy */ = {
			isa = PBXContainerItemProxy;
			containerPortal = A10000000000000000000001 /* Project object */;
			proxyType = 1;
			remoteGlobalIDString = A10000000000000000000600;
			remoteInfo = PocketBudget;
		};
		A10000000000000000000702 /* PBXContainerItemProxy */ = {
			isa = PBXContainerItemProxy;
			containerPortal = A10000000000000000000001 /* Project object */;
			proxyType = 1;
			remoteGlobalIDString = A10000000000000000000600;
			remoteInfo = PocketBudget;
		};
/* End PBXContainerItemProxy section */

/* Begin PBXFileReference section */
		72A18DEB2F66D20B00F78675 /* IncomeItem.swift */ = {isa = PBXFileReference; lastKnownFileType = sourcecode.swift; path = IncomeItem.swift; sourceTree = "<group>"; };
		72A18DED2F66D20B00F78675 /* RecurringExpenseItem.swift */ = {isa = PBXFileReference; lastKnownFileType = sourcecode.swift; path = RecurringExpenseItem.swift; sourceTree = "<group>"; };
		72A18DEF2F677D6E00F78675 /* SettingsSheet.swift */ = {isa = PBXFileReference; lastKnownFileType = sourcecode.swift; path = SettingsSheet.swift; sourceTree = "<group>"; };
		72A18DF12F6784DC00F78675 /* ExpenseHistorySheet.swift */ = {isa = PBXFileReference; lastKnownFileType = sourcecode.swift; path = ExpenseHistorySheet.swift; sourceTree = "<group>"; };
		72A18DF32F67F11300F78675 /* StatsView.swift */ = {isa = PBXFileReference; lastKnownFileType = sourcecode.swift; path = StatsView.swift; sourceTree = "<group>"; };
		A10000000000000000000100 /* PocketBudget.app */ = {isa = PBXFileReference; explicitFileType = wrapper.application; includeInIndex = 0; path = PocketBudget.app; sourceTree = BUILT_PRODUCTS_DIR; };
		A10000000000000000000101 /* PocketBudgetTests.xctest */ = {isa = PBXFileReference; explicitFileType = wrapper.cfbundle; includeInIndex = 0; path = PocketBudgetTests.xctest; sourceTree = BUILT_PRODUCTS_DIR; };
		A10000000000000000000102 /* PocketBudgetUITests.xctest */ = {isa = PBXFileReference; explicitFileType = wrapper.cfbundle; includeInIndex = 0; path = PocketBudgetUITests.xctest; sourceTree = BUILT_PRODUCTS_DIR; };
		A10000000000000000000110 /* PocketBudgetApp.swift */ = {isa = PBXFileReference; lastKnownFileType = sourcecode.swift; path = PocketBudgetApp.swift; sourceTree = "<group>"; };
		A10000000000000000000111 /* ContentView.swift */ = {isa = PBXFileReference; lastKnownFileType = sourcecode.swift; path = ContentView.swift; sourceTree = "<group>"; };
		A10000000000000000000112 /* BudgetSettings.swift */ = {isa = PBXFileReference; lastKnownFileType = sourcecode.swift; path = BudgetSettings.swift; sourceTree = "<group>"; };
		A10000000000000000000113 /* Expense.swift */ = {isa = PBXFileReference; lastKnownFileType = sourcecode.swift; path = Expense.swift; sourceTree = "<group>"; };
		A10000000000000000000114 /* BudgetStore.swift */ = {isa = PBXFileReference; lastKnownFileType = sourcecode.swift; path = BudgetStore.swift; sourceTree = "<group>"; };
		A10000000000000000000115 /* DashboardView.swift */ = {isa = PBXFileReference; lastKnownFileType = sourcecode.swift; path = DashboardView.swift; sourceTree = "<group>"; };
		A10000000000000000000116 /* AddExpenseSheet.swift */ = {isa = PBXFileReference; lastKnownFileType = sourcecode.swift; path = AddExpenseSheet.swift; sourceTree = "<group>"; };
		A10000000000000000000117 /* BudgetSettingsSheet.swift */ = {isa = PBXFileReference; lastKnownFileType = sourcecode.swift; path = BudgetSettingsSheet.swift; sourceTree = "<group>"; };
		A10000000000000000000118 /* Assets.xcassets */ = {isa = PBXFileReference; lastKnownFileType = folder.assetcatalog; path = Assets.xcassets; sourceTree = "<group>"; };
		A10000000000000000000119 /* BudgetStoreTests.swift */ = {isa = PBXFileReference; lastKnownFileType = sourcecode.swift; path = BudgetStoreTests.swift; sourceTree = "<group>"; };
		A1000000000000000000011A /* BudgetCalculationTests.swift */ = {isa = PBXFileReference; lastKnownFileType = sourcecode.swift; path = BudgetCalculationTests.swift; sourceTree = "<group>"; };
		A1000000000000000000011B /* PocketBudgetUITests.swift */ = {isa = PBXFileReference; lastKnownFileType = sourcecode.swift; path = PocketBudgetUITests.swift; sourceTree = "<group>"; };
/* End PBXFileReference section */

/* Begin PBXFrameworksBuildPhase section */
		A10000000000000000000311 /* Frameworks */ = {
			isa = PBXFrameworksBuildPhase;
			buildActionMask = 2147483647;
			files = (
			);
			runOnlyForDeploymentPostprocessing = 0;
		};
		A10000000000000000000314 /* Frameworks */ = {
			isa = PBXFrameworksBuildPhase;
			buildActionMask = 2147483647;
			files = (
			);
			runOnlyForDeploymentPostprocessing = 0;
		};
		A10000000000000000000316 /* Frameworks */ = {
			isa = PBXFrameworksBuildPhase;
			buildActionMask = 2147483647;
			files = (
			);
			runOnlyForDeploymentPostprocessing = 0;
		};
/* End PBXFrameworksBuildPhase section */

/* Begin PBXGroup section */
		A10000000000000000000002 = {
			isa = PBXGroup;
			children = (
				A10000000000000000000010 /* PocketBudget */,
				A10000000000000000000016 /* PocketBudgetTests */,
				A10000000000000000000017 /* PocketBudgetUITests */,
				A10000000000000000000004 /* Products */,
			);
			sourceTree = "<group>";
		};
		A10000000000000000000004 /* Products */ = {
			isa = PBXGroup;
			children = (
				A10000000000000000000100 /* PocketBudget.app */,
				A10000000000000000000101 /* PocketBudgetTests.xctest */,
				A10000000000000000000102 /* PocketBudgetUITests.xctest */,
			);
			name = Products;
			sourceTree = "<group>";
		};
		A10000000000000000000010 /* PocketBudget */ = {
			isa = PBXGroup;
			children = (
				A10000000000000000000011 /* App */,
				A10000000000000000000012 /* Models */,
				A10000000000000000000013 /* Data */,
				A10000000000000000000014 /* Features */,
				A10000000000000000000015 /* Resources */,
			);
			path = PocketBudget;
			sourceTree = "<group>";
		};
		A10000000000000000000011 /* App */ = {
			isa = PBXGroup;
			children = (
				A10000000000000000000110 /* PocketBudgetApp.swift */,
				A10000000000000000000111 /* ContentView.swift */,
			);
			path = App;
			sourceTree = "<group>";
		};
		A10000000000000000000012 /* Models */ = {
			isa = PBXGroup;
			children = (
				A10000000000000000000112 /* BudgetSettings.swift */,
				A10000000000000000000113 /* Expense.swift */,
				72A18DEB2F66D20B00F78675 /* IncomeItem.swift */,
				72A18DED2F66D20B00F78675 /* RecurringExpenseItem.swift */,
			);
			path = Models;
			sourceTree = "<group>";
		};
		A10000000000000000000013 /* Data */ = {
			isa = PBXGroup;
			children = (
				A10000000000000000000114 /* BudgetStore.swift */,
			);
			path = Data;
			sourceTree = "<group>";
		};
		A10000000000000000000014 /* Features */ = {
			isa = PBXGroup;
			children = (
				A10000000000000000000115 /* DashboardView.swift */,
				A10000000000000000000116 /* AddExpenseSheet.swift */,
				A10000000000000000000117 /* BudgetSettingsSheet.swift */,
				72A18DEF2F677D6E00F78675 /* SettingsSheet.swift */,
				72A18DF12F6784DC00F78675 /* ExpenseHistorySheet.swift */,
				72A18DF32F67F11300F78675 /* StatsView.swift */,
			);
			path = Features;
			sourceTree = "<group>";
		};
		A10000000000000000000015 /* Resources */ = {
			isa = PBXGroup;
			children = (
				A10000000000000000000118 /* Assets.xcassets */,
			);
			path = Resources;
			sourceTree = "<group>";
		};
		A10000000000000000000016 /* PocketBudgetTests */ = {
			isa = PBXGroup;
			children = (
				A10000000000000000000119 /* BudgetStoreTests.swift */,
				A1000000000000000000011A /* BudgetCalculationTests.swift */,
			);
			path = PocketBudgetTests;
			sourceTree = "<group>";
		};
		A10000000000000000000017 /* PocketBudgetUITests */ = {
			isa = PBXGroup;
			children = (
				A1000000000000000000011B /* PocketBudgetUITests.swift */,
			);
			path = PocketBudgetUITests;
			sourceTree = "<group>";
		};
/* End PBXGroup section */

/* Begin PBXNativeTarget section */
		A10000000000000000000600 /* PocketBudget */ = {
			isa = PBXNativeTarget;
			buildConfigurationList = A10000000000000000000410 /* Build configuration list for PBXNativeTarget "PocketBudget" */;
			buildPhases = (
				A10000000000000000000311 /* Frameworks */,
				A10000000000000000000310 /* Sources */,
				A10000000000000000000312 /* Resources */,
			);
			buildRules = (
			);
			dependencies = (
			);
			name = PocketBudget;
			packageProductDependencies = (
			);
			productName = PocketBudget;
			productReference = A10000000000000000000100 /* PocketBudget.app */;
			productType = "com.apple.product-type.application";
		};
		A10000000000000000000601 /* PocketBudgetTests */ = {
			isa = PBXNativeTarget;
			buildConfigurationList = A10000000000000000000411 /* Build configuration list for PBXNativeTarget "PocketBudgetTests" */;
			buildPhases = (
				A10000000000000000000314 /* Frameworks */,
				A10000000000000000000313 /* Sources */,
			);
			buildRules = (
			);
			dependencies = (
				A10000000000000000000701 /* PBXTargetDependency */,
			);
			name = PocketBudgetTests;
			packageProductDependencies = (
			);
			productName = PocketBudgetTests;
			productReference = A10000000000000000000101 /* PocketBudgetTests.xctest */;
			productType = "com.apple.product-type.bundle.unit-test";
		};
		A10000000000000000000602 /* PocketBudgetUITests */ = {
			isa = PBXNativeTarget;
			buildConfigurationList = A10000000000000000000412 /* Build configuration list for PBXNativeTarget "PocketBudgetUITests" */;
			buildPhases = (
				A10000000000000000000316 /* Frameworks */,
				A10000000000000000000315 /* Sources */,
			);
			buildRules = (
			);
			dependencies = (
				A10000000000000000000703 /* PBXTargetDependency */,
			);
			name = PocketBudgetUITests;
			packageProductDependencies = (
			);
			productName = PocketBudgetUITests;
			productReference = A10000000000000000000102 /* PocketBudgetUITests.xctest */;
			productType = "com.apple.product-type.bundle.ui-testing";
		};
/* End PBXNativeTarget section */

/* Begin PBXProject section */
		A10000000000000000000001 /* Project object */ = {
			isa = PBXProject;
			attributes = {
				BuildIndependentTargetsInParallel = 1;
				LastUpgradeCheck = 1600;
				TargetAttributes = {
					A10000000000000000000600 = {
						CreatedOnToolsVersion = 16.0;
					};
					A10000000000000000000601 = {
						CreatedOnToolsVersion = 16.0;
						TestTargetID = A10000000000000000000600;
					};
					A10000000000000000000602 = {
						CreatedOnToolsVersion = 16.0;
						TestTargetID = A10000000000000000000600;
					};
				};
			};
			buildConfigurationList = A10000000000000000000003 /* Build configuration list for PBXProject "PocketBudget" */;
			compatibilityVersion = "Xcode 15.0";
			developmentRegion = en;
			hasScannedForEncodings = 0;
			knownRegions = (
				en,
				Base,
			);
			mainGroup = A10000000000000000000002;
			productRefGroup = A10000000000000000000004 /* Products */;
			projectDirPath = "";
			projectRoot = "";
			targets = (
				A10000000000000000000600 /* PocketBudget */,
				A10000000000000000000601 /* PocketBudgetTests */,
				A10000000000000000000602 /* PocketBudgetUITests */,
			);
		};
/* End PBXProject section */

/* Begin PBXResourcesBuildPhase section */
		A10000000000000000000312 /* Resources */ = {
			isa = PBXResourcesBuildPhase;
			buildActionMask = 2147483647;
			files = (
				A10000000000000000000218 /* Assets.xcassets in Resources */,
			);
			runOnlyForDeploymentPostprocessing = 0;
		};
/* End PBXResourcesBuildPhase section */

/* Begin PBXSourcesBuildPhase section */
		A10000000000000000000310 /* Sources */ = {
			isa = PBXSourcesBuildPhase;
			buildActionMask = 2147483647;
			files = (
				A10000000000000000000210 /* PocketBudgetApp.swift in Sources */,
				72A18DEE2F66D20B00F78675 /* RecurringExpenseItem.swift in Sources */,
				A10000000000000000000211 /* ContentView.swift in Sources */,
				72A18DF22F6784DC00F78675 /* ExpenseHistorySheet.swift in Sources */,
				A10000000000000000000212 /* BudgetSettings.swift in Sources */,
				72A18DEC2F66D20B00F78675 /* IncomeItem.swift in Sources */,
				A10000000000000000000213 /* Expense.swift in Sources */,
				72A18DF02F677D6E00F78675 /* SettingsSheet.swift in Sources */,
				A10000000000000000000214 /* BudgetStore.swift in Sources */,
				72A18DF42F67F11300F78675 /* StatsView.swift in Sources */,
				A10000000000000000000215 /* DashboardView.swift in Sources */,
				A10000000000000000000216 /* AddExpenseSheet.swift in Sources */,
				A10000000000000000000217 /* BudgetSettingsSheet.swift in Sources */,
			);
			runOnlyForDeploymentPostprocessing = 0;
		};
		A10000000000000000000313 /* Sources */ = {
			isa = PBXSourcesBuildPhase;
			buildActionMask = 2147483647;
			files = (
				A10000000000000000000219 /* BudgetStoreTests.swift in Sources */,
				A1000000000000000000021A /* BudgetCalculationTests.swift in Sources */,
			);
			runOnlyForDeploymentPostprocessing = 0;
		};
		A10000000000000000000315 /* Sources */ = {
			isa = PBXSourcesBuildPhase;
			buildActionMask = 2147483647;
			files = (
				A1000000000000000000021B /* PocketBudgetUITests.swift in Sources */,
			);
			runOnlyForDeploymentPostprocessing = 0;
		};
/* End PBXSourcesBuildPhase section */

/* Begin PBXTargetDependency section */
		A10000000000000000000701 /* PBXTargetDependency */ = {
			isa = PBXTargetDependency;
			target = A10000000000000000000600 /* PocketBudget */;
			targetProxy = A10000000000000000000700 /* PBXContainerItemProxy */;
		};
		A10000000000000000000703 /* PBXTargetDependency */ = {
			isa = PBXTargetDependency;
			target = A10000000000000000000600 /* PocketBudget */;
			targetProxy = A10000000000000000000702 /* PBXContainerItemProxy */;
		};
/* End PBXTargetDependency section */

/* Begin XCBuildConfiguration section */
		A10000000000000000000500 /* Debug */ = {
			isa = XCBuildConfiguration;
			buildSettings = {
				ALWAYS_SEARCH_USER_PATHS = NO;
				CLANG_ENABLE_MODULES = YES;
				SWIFT_VERSION = 5.0;
			};
			name = Debug;
		};
		A10000000000000000000501 /* Release */ = {
			isa = XCBuildConfiguration;
			buildSettings = {
				ALWAYS_SEARCH_USER_PATHS = NO;
				CLANG_ENABLE_MODULES = YES;
				SWIFT_VERSION = 5.0;
			};
			name = Release;
		};
		A10000000000000000000510 /* Debug */ = {
			isa = XCBuildConfiguration;
			buildSettings = {
				ASSETCATALOG_COMPILER_APPICON_NAME = AppIcon;
				ASSETCATALOG_COMPILER_GLOBAL_ACCENT_COLOR_NAME = AccentColor;
				CODE_SIGN_STYLE = Automatic;
				CURRENT_PROJECT_VERSION = 19;
				DEVELOPMENT_TEAM = "";
				ENABLE_TESTABILITY = YES;
				GENERATE_INFOPLIST_FILE = YES;
				INFOPLIST_KEY_CFBundleDisplayName = BudgetRook;
				INFOPLIST_KEY_UIApplicationSceneManifest_Generation = YES;
				INFOPLIST_KEY_UIApplicationSupportsIndirectInputEvents = YES;
				INFOPLIST_KEY_UILaunchScreen_Generation = YES;
				IPHONEOS_DEPLOYMENT_TARGET = 17.0;
				LD_RUNPATH_SEARCH_PATHS = (
					"$(inherited)",
					"@executable_path/Frameworks",
				);
				MARKETING_VERSION = 0.13.0;
				PRODUCT_BUNDLE_IDENTIFIER = com.example.PocketBudget;
				PRODUCT_NAME = "$(TARGET_NAME)";
				SDKROOT = iphoneos;
				SUPPORTED_PLATFORMS = "iphoneos iphonesimulator";
				SWIFT_EMIT_LOC_STRINGS = YES;
				SWIFT_OPTIMIZATION_LEVEL = "-Onone";
				SWIFT_VERSION = 5.0;
				TARGETED_DEVICE_FAMILY = 1;
			};
			name = Debug;
		};
		A10000000000000000000511 /* Release */ = {
			isa = XCBuildConfiguration;
			buildSettings = {
				ASSETCATALOG_COMPILER_APPICON_NAME = AppIcon;
				ASSETCATALOG_COMPILER_GLOBAL_ACCENT_COLOR_NAME = AccentColor;
				CODE_SIGN_STYLE = Automatic;
				CURRENT_PROJECT_VERSION = 19;
				DEVELOPMENT_TEAM = "";
				GENERATE_INFOPLIST_FILE = YES;
				INFOPLIST_KEY_CFBundleDisplayName = BudgetRook;
				INFOPLIST_KEY_UIApplicationSceneManifest_Generation = YES;
				INFOPLIST_KEY_UIApplicationSupportsIndirectInputEvents = YES;
				INFOPLIST_KEY_UILaunchScreen_Generation = YES;
				IPHONEOS_DEPLOYMENT_TARGET = 17.0;
				LD_RUNPATH_SEARCH_PATHS = (
					"$(inherited)",
					"@executable_path/Frameworks",
				);
				MARKETING_VERSION = 0.13.0;
				PRODUCT_BUNDLE_IDENTIFIER = com.example.PocketBudget;
				PRODUCT_NAME = "$(TARGET_NAME)";
				SDKROOT = iphoneos;
				SUPPORTED_PLATFORMS = "iphoneos iphonesimulator";
				SWIFT_EMIT_LOC_STRINGS = YES;
				SWIFT_VERSION = 5.0;
				TARGETED_DEVICE_FAMILY = 1;
			};
			name = Release;
		};
		A10000000000000000000520 /* Debug */ = {
			isa = XCBuildConfiguration;
			buildSettings = {
				BUNDLE_LOADER = "$(TEST_HOST)";
				CODE_SIGN_STYLE = Automatic;
				CURRENT_PROJECT_VERSION = 19;
				DEVELOPMENT_TEAM = "";
				ENABLE_TESTABILITY = YES;
				GENERATE_INFOPLIST_FILE = YES;
				IPHONEOS_DEPLOYMENT_TARGET = 17.0;
				LD_RUNPATH_SEARCH_PATHS = (
					"$(inherited)",
					"@executable_path/Frameworks",
					"@loader_path/Frameworks",
				);
				PRODUCT_BUNDLE_IDENTIFIER = com.example.PocketBudgetTests;
				PRODUCT_NAME = "$(TARGET_NAME)";
				SDKROOT = iphoneos;
				SUPPORTED_PLATFORMS = "iphoneos iphonesimulator";
				SWIFT_OPTIMIZATION_LEVEL = "-Onone";
				SWIFT_VERSION = 5.0;
				TARGETED_DEVICE_FAMILY = 1;
				TEST_HOST = "$(BUILT_PRODUCTS_DIR)/PocketBudget.app/$(BUNDLE_EXECUTABLE_FOLDER_PATH)/PocketBudget";
			};
			name = Debug;
		};
		A10000000000000000000521 /* Release */ = {
			isa = XCBuildConfiguration;
			buildSettings = {
				BUNDLE_LOADER = "$(TEST_HOST)";
				CODE_SIGN_STYLE = Automatic;
				CURRENT_PROJECT_VERSION = 19;
				DEVELOPMENT_TEAM = "";
				GENERATE_INFOPLIST_FILE = YES;
				IPHONEOS_DEPLOYMENT_TARGET = 17.0;
				LD_RUNPATH_SEARCH_PATHS = (
					"$(inherited)",
					"@executable_path/Frameworks",
					"@loader_path/Frameworks",
				);
				PRODUCT_BUNDLE_IDENTIFIER = com.example.PocketBudgetTests;
				PRODUCT_NAME = "$(TARGET_NAME)";
				SDKROOT = iphoneos;
				SUPPORTED_PLATFORMS = "iphoneos iphonesimulator";
				SWIFT_VERSION = 5.0;
				TARGETED_DEVICE_FAMILY = 1;
				TEST_HOST = "$(BUILT_PRODUCTS_DIR)/PocketBudget.app/$(BUNDLE_EXECUTABLE_FOLDER_PATH)/PocketBudget";
			};
			name = Release;
		};
		A10000000000000000000530 /* Debug */ = {
			isa = XCBuildConfiguration;
			buildSettings = {
				CODE_SIGN_STYLE = Automatic;
				CURRENT_PROJECT_VERSION = 19;
				DEVELOPMENT_TEAM = "";
				ENABLE_TESTABILITY = YES;
				GENERATE_INFOPLIST_FILE = YES;
				IPHONEOS_DEPLOYMENT_TARGET = 17.0;
				LD_RUNPATH_SEARCH_PATHS = (
					"$(inherited)",
					"@executable_path/Frameworks",
					"@loader_path/Frameworks",
				);
				PRODUCT_BUNDLE_IDENTIFIER = com.example.PocketBudgetUITests;
				PRODUCT_NAME = "$(TARGET_NAME)";
				SDKROOT = iphoneos;
				SUPPORTED_PLATFORMS = "iphoneos iphonesimulator";
				SWIFT_OPTIMIZATION_LEVEL = "-Onone";
				SWIFT_VERSION = 5.0;
				TARGETED_DEVICE_FAMILY = 1;
				TEST_TARGET_NAME = PocketBudget;
			};
			name = Debug;
		};
		A10000000000000000000531 /* Release */ = {
			isa = XCBuildConfiguration;
			buildSettings = {
				CODE_SIGN_STYLE = Automatic;
				CURRENT_PROJECT_VERSION = 19;
				DEVELOPMENT_TEAM = "";
				GENERATE_INFOPLIST_FILE = YES;
				IPHONEOS_DEPLOYMENT_TARGET = 17.0;
				LD_RUNPATH_SEARCH_PATHS = (
					"$(inherited)",
					"@executable_path/Frameworks",
					"@loader_path/Frameworks",
				);
				PRODUCT_BUNDLE_IDENTIFIER = com.example.PocketBudgetUITests;
				PRODUCT_NAME = "$(TARGET_NAME)";
				SDKROOT = iphoneos;
				SUPPORTED_PLATFORMS = "iphoneos iphonesimulator";
				SWIFT_VERSION = 5.0;
				TARGETED_DEVICE_FAMILY = 1;
				TEST_TARGET_NAME = PocketBudget;
			};
			name = Release;
		};
/* End XCBuildConfiguration section */

/* Begin XCConfigurationList section */
		A10000000000000000000003 /* Build configuration list for PBXProject "PocketBudget" */ = {
			isa = XCConfigurationList;
			buildConfigurations = (
				A10000000000000000000500 /* Debug */,
				A10000000000000000000501 /* Release */,
			);
			defaultConfigurationIsVisible = 0;
			defaultConfigurationName = Release;
		};
		A10000000000000000000410 /* Build configuration list for PBXNativeTarget "PocketBudget" */ = {
			isa = XCConfigurationList;
			buildConfigurations = (
				A10000000000000000000510 /* Debug */,
				A10000000000000000000511 /* Release */,
			);
			defaultConfigurationIsVisible = 0;
			defaultConfigurationName = Release;
		};
		A10000000000000000000411 /* Build configuration list for PBXNativeTarget "PocketBudgetTests" */ = {
			isa = XCConfigurationList;
			buildConfigurations = (
				A10000000000000000000520 /* Debug */,
				A10000000000000000000521 /* Release */,
			);
			defaultConfigurationIsVisible = 0;
			defaultConfigurationName = Release;
		};
		A10000000000000000000412 /* Build configuration list for PBXNativeTarget "PocketBudgetUITests" */ = {
			isa = XCConfigurationList;
			buildConfigurations = (
				A10000000000000000000530 /* Debug */,
				A10000000000000000000531 /* Release */,
			);
			defaultConfigurationIsVisible = 0;
			defaultConfigurationName = Release;
		};
/* End XCConfigurationList section */
	};
	rootObject = A10000000000000000000001 /* Project object */;
}
